
Microsoft Visual Studio Solution File, Format Version 12.00
# Visual Studio Version 16
VisualStudioVersion = 16.0.31019.35
MinimumVisualStudioVersion = 10.0.40219.1
Project("{FAE04EC0-301F-11D3-BF4B-00C04F79EFBC}") = "IQBusinessAssessment.RabbitMQ.Producer", "IQBusinessAssessment.RabbitMQ.Producer\IQBusinessAssessment.RabbitMQ.Producer.csproj", "{48C54439-9DFF-4BD0-ACBB-5FB0BF5CD9B5}"
EndProject
Project("{FAE04EC0-301F-11D3-BF4B-00C04F79EFBC}") = "IQBusinessAssessment.RabbitMQ.Producer.Test", "IQBusinessAssessment.RabbitMQ.Producer.Test\IQBusinessAssessment.RabbitMQ.Producer.Test.csproj", "{6F422D8C-F685-48A8-9E03-BDDE1AF078E2}"
EndProject
Global
	GlobalSection(SolutionConfigurationPlatforms) = preSolution
		Debug|Any CPU = Debug|Any CPU
		Release|Any CPU = Release|Any CPU
	EndGlobalSection
	GlobalSection(ProjectConfigurationPlatforms) = postSolution
		{48C54439-9DFF-4BD0-ACBB-5FB0BF5CD9B5}.Debug|Any CPU.ActiveCfg = Debug|Any CPU
		{48C54439-9DFF-4BD0-ACBB-5FB0BF5CD9B5}.Debug|Any CPU.Build.0 = Debug|Any CPU
		{48C54439-9DFF-4BD0-ACBB-5FB0BF5CD9B5}.Release|Any CPU.ActiveCfg = Release|Any CPU
		{48C54439-9DFF-4BD0-ACBB-5FB0BF5CD9B5}.Release|Any CPU.Build.0 = Release|Any CPU
		{6F422D8C-F685-48A8-9E03-BDDE1AF078E2}.Debug|Any CPU.ActiveCfg = Debug|Any CPU
		{6F422D8C-F685-48A8-9E03-BDDE1AF078E2}.Debug|Any CPU.Build.0 = Debug|Any CPU
		{6F422D8C-F685-48A8-9E03-BDDE1AF078E2}.Release|Any CPU.ActiveCfg = Release|Any CPU
		{6F422D8C-F685-48A8-9E03-BDDE1AF078E2}.Release|Any CPU.Build.0 = Release|Any CPU
	EndGlobalSection
	GlobalSection(SolutionProperties) = preSolution
		HideSolutionNode = FALSE
	EndGlobalSection
	GlobalSection(ExtensibilityGlobals) = postSolution
		SolutionGuid = {A5D9AB7C-226A-4D62-9B17-9BF7B7A060CB}
	EndGlobalSection
EndGlobal
